<Solution>
  <Folder Name="/src/">
    <Project Path="src/Station.Domain/Station.Domain.csproj" />
    <Project Path="src/Station.Application/Station.Application.csproj" />
    <Project Path="src/Station.Infrastructure/Station.Infrastructure.csproj" />
    <Project Path="src/Station.Server/Station.Server.csproj" />
    <Project Path="src/Station.Desktop/Station.Desktop.csproj" />
    <Project Path="src/Station.CatalogImport/Station.CatalogImport.csproj" />
  </Folder>
  <Folder Name="/spikes/">
    <Project Path="src/Station.PlayerSpike/Station.PlayerSpike.csproj" />
  </Folder>
  <Folder Name="/tests/">
    <Project Path="tests/Station.Core.Tests/Station.Core.Tests.csproj" />
    <Project Path="tests/Station.Desktop.Tests/Station.Desktop.Tests.csproj" />
  </Folder>
</Solution>
